
Microsoft Visual Studio Solution File, Format Version 12.00
# Visual Studio Version 16
VisualStudioVersion = 16.0.29910.219
MinimumVisualStudioVersion = 10.0.40219.1
Project("{FAE04EC0-301F-11D3-BF4B-00C04F79EFBC}") = "IssueCreator", "IssueCreator\IssueCreator.csproj", "{AC439D5E-D6C3-481C-B9CA-4A6A5504A78B}"
EndProject
Project("{2150E333-8FDC-42A3-9474-1A3956D46DE8}") = "Solution Items", "Solution Items", "{CBC9FB83-2E91-4430-97DC-5C747285C03A}"
	ProjectSection(SolutionItems) = preProject
		.editorconfig = .editorconfig
	EndProjectSection
EndProject
Global
	GlobalSection(SolutionConfigurationPlatforms) = preSolution
		Debug|Any CPU = Debug|Any CPU
		Release|Any CPU = Release|Any CPU
	EndGlobalSection
	GlobalSection(ProjectConfigurationPlatforms) = postSolution
		{AC439D5E-D6C3-481C-B9CA-4A6A5504A78B}.Debug|Any CPU.ActiveCfg = Debug|Any CPU
		{AC439D5E-D6C3-481C-B9CA-4A6A5504A78B}.Debug|Any CPU.Build.0 = Debug|Any CPU
		{AC439D5E-D6C3-481C-B9CA-4A6A5504A78B}.Release|Any CPU.ActiveCfg = Release|Any CPU
		{AC439D5E-D6C3-481C-B9CA-4A6A5504A78B}.Release|Any CPU.Build.0 = Release|Any CPU
	EndGlobalSection
	GlobalSection(SolutionProperties) = preSolution
		HideSolutionNode = FALSE
	EndGlobalSection
	GlobalSection(ExtensibilityGlobals) = postSolution
		SolutionGuid = {4326B5BA-7B8A-4084-BA99-934E9723F67D}
	EndGlobalSection
EndGlobal
